
Microsoft Visual Studio Solution File, Format Version 12.00
# Visual Studio 14
VisualStudioVersion = 14.0.25420.1
MinimumVisualStudioVersion = 10.0.40219.1
Project("{FAE04EC0-301F-11D3-BF4B-00C04F79EFBC}") = "PasswordGenerator", "PasswordGenerator\PasswordGenerator.csproj", "{FDED3102-E2FB-40C9-9693-007DF455F915}"
EndProject
Project("{FAE04EC0-301F-11D3-BF4B-00C04F79EFBC}") = "BussinesLogic", "BussinesLogic\BussinesLogic.csproj", "{FE263651-3AF6-4A4B-9E2E-B0E193F599BF}"
EndProject
Project("{FAE04EC0-301F-11D3-BF4B-00C04F79EFBC}") = "DataServices", "DataServices\DataServices.csproj", "{00D56625-354A-4A32-B761-276BD342FDC3}"
EndProject
Project("{FAE04EC0-301F-11D3-BF4B-00C04F79EFBC}") = "BussinesLogicTests", "BussinesLogicTests\BussinesLogicTests.csproj", "{9327A84F-51E4-4F4F-B9EB-987783D040B0}"
EndProject
Global
	GlobalSection(SolutionConfigurationPlatforms) = preSolution
		Debug|Any CPU = Debug|Any CPU
		Release|Any CPU = Release|Any CPU
	EndGlobalSection
	GlobalSection(ProjectConfigurationPlatforms) = postSolution
		{FDED3102-E2FB-40C9-9693-007DF455F915}.Debug|Any CPU.ActiveCfg = Debug|Any CPU
		{FDED3102-E2FB-40C9-9693-007DF455F915}.Debug|Any CPU.Build.0 = Debug|Any CPU
		{FDED3102-E2FB-40C9-9693-007DF455F915}.Release|Any CPU.ActiveCfg = Release|Any CPU
		{FDED3102-E2FB-40C9-9693-007DF455F915}.Release|Any CPU.Build.0 = Release|Any CPU
		{FE263651-3AF6-4A4B-9E2E-B0E193F599BF}.Debug|Any CPU.ActiveCfg = Debug|Any CPU
		{FE263651-3AF6-4A4B-9E2E-B0E193F599BF}.Debug|Any CPU.Build.0 = Debug|Any CPU
		{FE263651-3AF6-4A4B-9E2E-B0E193F599BF}.Release|Any CPU.ActiveCfg = Release|Any CPU
		{FE263651-3AF6-4A4B-9E2E-B0E193F599BF}.Release|Any CPU.Build.0 = Release|Any CPU
		{00D56625-354A-4A32-B761-276BD342FDC3}.Debug|Any CPU.ActiveCfg = Debug|Any CPU
		{00D56625-354A-4A32-B761-276BD342FDC3}.Debug|Any CPU.Build.0 = Debug|Any CPU
		{00D56625-354A-4A32-B761-276BD342FDC3}.Release|Any CPU.ActiveCfg = Release|Any CPU
		{00D56625-354A-4A32-B761-276BD342FDC3}.Release|Any CPU.Build.0 = Release|Any CPU
		{9327A84F-51E4-4F4F-B9EB-987783D040B0}.Debug|Any CPU.ActiveCfg = Debug|Any CPU
		{9327A84F-51E4-4F4F-B9EB-987783D040B0}.Debug|Any CPU.Build.0 = Debug|Any CPU
		{9327A84F-51E4-4F4F-B9EB-987783D040B0}.Release|Any CPU.ActiveCfg = Release|Any CPU
		{9327A84F-51E4-4F4F-B9EB-987783D040B0}.Release|Any CPU.Build.0 = Release|Any CPU
	EndGlobalSection
	GlobalSection(SolutionProperties) = preSolution
		HideSolutionNode = FALSE
	EndGlobalSection
EndGlobal
